{
  "nodes": {
    "flake-utils": {
      "locked": {
        "lastModified": 1653893745,
        "narHash": "sha256-0jntwV3Z8//YwuOjzhV2sgJJPt+HY6KhU7VZUL0fKZQ=",
        "owner": "numtide",
        "repo": "flake-utils",
        "rev": "1ed9fb1935d260de5fe1c2f7ee0ebaae17ed2fa1",
        "type": "github"
      },
      "original": {
        "id": "flake-utils",
        "type": "indirect"
      }
    },
    "flake-utils_2": {
      "locked": {
        "lastModified": 1652776076,
        "narHash": "sha256-gzTw/v1vj4dOVbpBSJX4J0DwUR6LIyXo7/SuuTJp1kM=",
        "owner": "numtide",
        "repo": "flake-utils",
        "rev": "04c1b180862888302ddfb2e3ad9eaa63afc60cf8",
        "type": "github"
      },
      "original": {
        "id": "flake-utils",
        "type": "indirect"
      }
    },
    "flake-utils_3": {
      "locked": {
        "lastModified": 1653893745,
        "narHash": "sha256-0jntwV3Z8//YwuOjzhV2sgJJPt+HY6KhU7VZUL0fKZQ=",
        "owner": "numtide",
        "repo": "flake-utils",
        "rev": "1ed9fb1935d260de5fe1c2f7ee0ebaae17ed2fa1",
        "type": "github"
      },
      "original": {
        "id": "flake-utils",
        "type": "indirect"
      }
    },
    "nixpkgs": {
      "locked": {
        "lastModified": 1654964420,
        "narHash": "sha256-Pu9TvVyWMLH362RGBYKMgX2ILSxRPtWovBmBC2s6Zjo=",
        "owner": "NixOS",
        "repo": "nixpkgs",
        "rev": "419e07c3823fff0bbe24b2759a2d73a01ecd3c69",
        "type": "github"
      },
      "original": {
        "id": "nixpkgs",
        "type": "indirect"
      }
    },
    "nixpkgs_2": {
      "locked": {
        "lastModified": 1653738054,
        "narHash": "sha256-IaR8iLN4Ms3f5EjU1CJkXSc49ZzyS5qv03DtVAti6/s=",
        "owner": "NixOS",
        "repo": "nixpkgs",
        "rev": "17b62c338f2a0862a58bb6951556beecd98ccda9",
        "type": "github"
      },
      "original": {
        "id": "nixpkgs",
        "type": "indirect"
      }
    },
    "nixpkgs_3": {
      "locked": {
        "lastModified": 1654875595,
        "narHash": "sha256-Vairke3ryPSFpgQdaYicPPhPWMGhtzm6V+1uF2Tefbk=",
        "owner": "NixOS",
        "repo": "nixpkgs",
        "rev": "3f909fb574d9b9d7294e544981c62a4a5e4599fc",
        "type": "github"
      },
      "original": {
        "id": "nixpkgs",
        "type": "indirect"
      }
    },
    "nixpkgs_4": {
      "locked": {
        "lastModified": 1637875414,
        "narHash": "sha256-Ica++SXFuLyxX9Q7YxhfZulUif6/gwM8AEQYlUxqSgE=",
        "owner": "NixOS",
        "repo": "nixpkgs",
        "rev": "3bea86e918d8b54aa49780505d2d4cd9261413be",
        "type": "github"
      },
      "original": {
        "id": "nixpkgs",
        "ref": "nixos-21.05",
        "type": "indirect"
      }
    },
    "nixturris": {
      "inputs": {
        "flake-utils": "flake-utils_2",
        "nixpkgs": "nixpkgs_2"
      },
      "locked": {
        "lastModified": 1654937122,
        "narHash": "sha256-Ea68UmPWQPJEFY0eLb/G/KHPubTWKR1+fpnkExm4U2c=",
        "ref": "refs/heads/master",
        "rev": "a7e2c790b76faadb5f1dcf3745c240eaa24a037a",
        "revCount": 24,
        "type": "git",
        "url": "https://git.cynerd.cz/nixturris"
      },
      "original": {
        "type": "git",
        "url": "https://git.cynerd.cz/nixturris"
      }
    },
    "personal-secret": {
      "locked": {
        "lastModified": 1655026264,
        "narHash": "sha256-MPpwMTaC5UlQhkpgmQLrYgIoqwAGmUx3fqB7Sddk5UQ=",
        "ref": "refs/heads/master",
        "rev": "89ec972193f85b1124e3217ef852a1b33d343f96",
        "revCount": 12,
        "type": "git",
        "url": "ssh://git@cynerd.cz/nixos-personal-secret"
      },
      "original": {
        "type": "git",
        "url": "ssh://git@cynerd.cz/nixos-personal-secret"
      }
    },
    "root": {
      "inputs": {
        "flake-utils": "flake-utils",
        "nixpkgs": "nixpkgs",
        "nixturris": "nixturris",
        "personal-secret": "personal-secret",
        "shellrc": "shellrc",
        "sterm": "sterm"
      }
    },
    "shellrc": {
      "inputs": {
        "flake-utils": "flake-utils_3",
        "nixpkgs": "nixpkgs_3"
      },
      "locked": {
        "lastModified": 1654979392,
        "narHash": "sha256-AIuZnVtHRxyWRNmVb+UhFEOsE4vErWPSTrtGgQfTRa0=",
        "ref": "refs/heads/master",
        "rev": "f6b661ebf0cbd9ecae64eb1f757dc1b4073b1d73",
        "revCount": 57,
        "type": "git",
        "url": "https://git.cynerd.cz/shellrc"
      },
      "original": {
        "type": "git",
        "url": "https://git.cynerd.cz/shellrc"
      }
    },
    "sterm": {
      "inputs": {
        "nixpkgs": "nixpkgs_4"
      },
      "locked": {
        "lastModified": 1654787204,
        "narHash": "sha256-SFzlL4FxwazJqzMPvLPT0IVWaYqV+NMdHxOEOawZ9Z8=",
        "owner": "cynerd",
        "repo": "sterm",
        "rev": "aec0022e09119ec4e0cf8ba85515cbde907384b6",
        "type": "github"
      },
      "original": {
        "owner": "cynerd",
        "ref": "comp",
        "repo": "sterm",
        "type": "github"
      }
    }
  },
  "root": "root",
  "version": 7
}
