{
  "nodes": {
    "flake-utils": {
      "locked": {
        "lastModified": 1659877975,
        "narHash": "sha256-zllb8aq3YO3h8B/U0/J1WBgAL8EX5yWf5pMj3G0NAmc=",
        "owner": "numtide",
        "repo": "flake-utils",
        "rev": "c0e246b9b83f637f4681389ecabcb2681b4f3af0",
        "type": "github"
      },
      "original": {
        "id": "flake-utils",
        "type": "indirect"
      }
    },
    "flake-utils_2": {
      "locked": {
        "lastModified": 1659877975,
        "narHash": "sha256-zllb8aq3YO3h8B/U0/J1WBgAL8EX5yWf5pMj3G0NAmc=",
        "owner": "numtide",
        "repo": "flake-utils",
        "rev": "c0e246b9b83f637f4681389ecabcb2681b4f3af0",
        "type": "github"
      },
      "original": {
        "id": "flake-utils",
        "type": "indirect"
      }
    },
    "flake-utils_3": {
      "locked": {
        "lastModified": 1653893745,
        "narHash": "sha256-0jntwV3Z8//YwuOjzhV2sgJJPt+HY6KhU7VZUL0fKZQ=",
        "owner": "numtide",
        "repo": "flake-utils",
        "rev": "1ed9fb1935d260de5fe1c2f7ee0ebaae17ed2fa1",
        "type": "github"
      },
      "original": {
        "id": "flake-utils",
        "type": "indirect"
      }
    },
    "nixos-hardware": {
      "locked": {
        "lastModified": 1660030916,
        "narHash": "sha256-KeVTmST6vAS85uUaSYlzv6OWhveawfIGhqX1SMq+L30=",
        "owner": "NixOS",
        "repo": "nixos-hardware",
        "rev": "3975d5158f00accda15a11180b2c08654cfb2807",
        "type": "github"
      },
      "original": {
        "id": "nixos-hardware",
        "type": "indirect"
      }
    },
    "nixpkgs": {
      "locked": {
        "lastModified": 1660017629,
        "narHash": "sha256-Koz6/k7c6hx4qVz/bboxdR2QsBdkxjRWpNmsOWJtXZE=",
        "owner": "NixOS",
        "repo": "nixpkgs",
        "rev": "9f15d6c3a74d2778c6e1af67947c95f100dc6fd2",
        "type": "github"
      },
      "original": {
        "id": "nixpkgs",
        "type": "indirect"
      }
    },
    "nixpkgs_2": {
      "locked": {
        "lastModified": 1654875595,
        "narHash": "sha256-Vairke3ryPSFpgQdaYicPPhPWMGhtzm6V+1uF2Tefbk=",
        "owner": "NixOS",
        "repo": "nixpkgs",
        "rev": "3f909fb574d9b9d7294e544981c62a4a5e4599fc",
        "type": "github"
      },
      "original": {
        "id": "nixpkgs",
        "type": "indirect"
      }
    },
    "nixpkgs_3": {
      "locked": {
        "lastModified": 1637875414,
        "narHash": "sha256-Ica++SXFuLyxX9Q7YxhfZulUif6/gwM8AEQYlUxqSgE=",
        "owner": "NixOS",
        "repo": "nixpkgs",
        "rev": "3bea86e918d8b54aa49780505d2d4cd9261413be",
        "type": "github"
      },
      "original": {
        "id": "nixpkgs",
        "ref": "nixos-21.05",
        "type": "indirect"
      }
    },
    "nixturris": {
      "inputs": {
        "flake-utils": "flake-utils_2",
        "nixpkgs": [
          "nixpkgs"
        ]
      },
      "locked": {
        "lastModified": 1659940026,
        "narHash": "sha256-b6DJbQ6s7fIWDJ4VtYruHmq8Nu9nF2yjQkcFnwSwFYc=",
        "ref": "refs/heads/master",
        "rev": "07896ee61dba47bc57c4c3b3b819033dc0324a1b",
        "revCount": 34,
        "type": "git",
        "url": "https://git.cynerd.cz/nixturris"
      },
      "original": {
        "type": "git",
        "url": "https://git.cynerd.cz/nixturris"
      }
    },
    "personal-secret": {
      "locked": {
        "lastModified": 1659901081,
        "narHash": "sha256-S81VB06BqQr4Wox8g1uWiGRyhPtNLahs5mSF3HslRWw=",
        "ref": "refs/heads/master",
        "rev": "3859c3d6b744726a23ae1c903c6ecd28ff2ffc35",
        "revCount": 28,
        "type": "git",
        "url": "ssh://git@cynerd.cz/nixos-personal-secret"
      },
      "original": {
        "type": "git",
        "url": "ssh://git@cynerd.cz/nixos-personal-secret"
      }
    },
    "root": {
      "inputs": {
        "flake-utils": "flake-utils",
        "nixos-hardware": "nixos-hardware",
        "nixpkgs": "nixpkgs",
        "nixturris": "nixturris",
        "personal-secret": "personal-secret",
        "shellrc": "shellrc",
        "sterm": "sterm"
      }
    },
    "shellrc": {
      "inputs": {
        "flake-utils": "flake-utils_3",
        "nixpkgs": "nixpkgs_2"
      },
      "locked": {
        "lastModified": 1658395568,
        "narHash": "sha256-tXH19mFYZ+6a2O6OUpyATwptmfnjfWdfTB5kpeFWd90=",
        "ref": "refs/heads/master",
        "rev": "a72880521555bff5a15f55bdd08fca9f3c414e9f",
        "revCount": 64,
        "type": "git",
        "url": "https://git.cynerd.cz/shellrc"
      },
      "original": {
        "type": "git",
        "url": "https://git.cynerd.cz/shellrc"
      }
    },
    "sterm": {
      "inputs": {
        "nixpkgs": "nixpkgs_3"
      },
      "locked": {
        "lastModified": 1654787204,
        "narHash": "sha256-SFzlL4FxwazJqzMPvLPT0IVWaYqV+NMdHxOEOawZ9Z8=",
        "owner": "wentasah",
        "repo": "sterm",
        "rev": "aec0022e09119ec4e0cf8ba85515cbde907384b6",
        "type": "github"
      },
      "original": {
        "owner": "wentasah",
        "repo": "sterm",
        "type": "github"
      }
    }
  },
  "root": "root",
  "version": 7
}
